
Microsoft Visual Studio Solution File, Format Version 12.00
# Visual Studio Version 16
VisualStudioVersion = 16.0.31727.386
MinimumVisualStudioVersion = 10.0.40219.1
Project("{8BC9CEB8-8B4A-11D0-8D11-00A0C91BC942}") = "Game_Labirint", "Game_Labirint\Game_Labirint.vcxproj", "{055A5EC0-B55B-40F8-971A-04C6B7F90485}"
EndProject
Global
	GlobalSection(SolutionConfigurationPlatforms) = preSolution
		Debug|x64 = Debug|x64
		Debug|x86 = Debug|x86
		Release|x64 = Release|x64
		Release|x86 = Release|x86
	EndGlobalSection
	GlobalSection(ProjectConfigurationPlatforms) = postSolution
		{055A5EC0-B55B-40F8-971A-04C6B7F90485}.Debug|x64.ActiveCfg = Debug|x64
		{055A5EC0-B55B-40F8-971A-04C6B7F90485}.Debug|x64.Build.0 = Debug|x64
		{055A5EC0-B55B-40F8-971A-04C6B7F90485}.Debug|x86.ActiveCfg = Debug|Win32
		{055A5EC0-B55B-40F8-971A-04C6B7F90485}.Debug|x86.Build.0 = Debug|Win32
		{055A5EC0-B55B-40F8-971A-04C6B7F90485}.Release|x64.ActiveCfg = Release|x64
		{055A5EC0-B55B-40F8-971A-04C6B7F90485}.Release|x64.Build.0 = Release|x64
		{055A5EC0-B55B-40F8-971A-04C6B7F90485}.Release|x86.ActiveCfg = Release|Win32
		{055A5EC0-B55B-40F8-971A-04C6B7F90485}.Release|x86.Build.0 = Release|Win32
	EndGlobalSection
	GlobalSection(SolutionProperties) = preSolution
		HideSolutionNode = FALSE
	EndGlobalSection
	GlobalSection(ExtensibilityGlobals) = postSolution
		SolutionGuid = {A1AF479A-BCF5-42F4-9734-917F7ED80C34}
	EndGlobalSection
EndGlobal
